speakeasyVersion: 1.658.2
sources:
    cloud:
        sourceNamespace: xapi
        sourceRevisionDigest: sha256:cc07933fb34b97e44539b4b8403fee79f1deae1f2f61b790699e24c13edb6988
        sourceBlobDigest: sha256:97b738bb30a60e0bef7aa06862ddf86f9dd1b9629264a345cab8bdb0ee06b2bc
        tags:
            - latest
            - main
            - 3.0.0-beta92
    local:
        sourceNamespace: xapi
        sourceRevisionDigest: sha256:22ac5fa45f8a149986459f020e3272b727a32b0c6a7078e5c0b371bf7939e7d6
        sourceBlobDigest: sha256:3ddf92b54817366bce1bfff769b02c2b01d2aead268b0b98ad5ce423240689ce
        tags:
            - latest
            - main
            - 3.0.0-beta01
targets:
    csharp-9:
        source: cloud
        sourceNamespace: xapi
        sourceRevisionDigest: sha256:cc07933fb34b97e44539b4b8403fee79f1deae1f2f61b790699e24c13edb6988
        sourceBlobDigest: sha256:97b738bb30a60e0bef7aa06862ddf86f9dd1b9629264a345cab8bdb0ee06b2bc
        codeSamplesNamespace: xapi-dotnet9-code-samples
        codeSamplesRevisionDigest: sha256:737ffa0b0a0170f47f92895f106619f4c91d782a8ebd8966615aada2eeee0899
workflow:
    workflowVersion: 1.0.0
    speakeasyVersion: latest
    sources:
        cloud:
            inputs:
                - location: https://s3.amazonaws.com/dp-devportal-images/oas/openapi.yml
            registry:
                location: registry.speakeasyapi.dev/dailypay/dailypay/xapi
    targets:
        csharp-9:
            target: csharp
            source: cloud
            codeSamples:
                output: codeSamples.yaml
                registry:
                    location: registry.speakeasyapi.dev/dailypay/dailypay/xapi-dotnet9-code-samples
