speakeasyVersion: 1.710.0
sources:
    cloud:
        sourceNamespace: xapi
        sourceRevisionDigest: sha256:f52815fa54dfc73c9508fee0d6a3c20e836da0db8ee812e5affd70af535a01f0
        sourceBlobDigest: sha256:212d431da35f31ee643f0fff4b6161d0175fc3300b092b1686a32ed1c9431548
        tags:
            - latest
            - main
            - 3.0.0-beta106
    local:
        sourceNamespace: xapi
        sourceRevisionDigest: sha256:22ac5fa45f8a149986459f020e3272b727a32b0c6a7078e5c0b371bf7939e7d6
        sourceBlobDigest: sha256:3ddf92b54817366bce1bfff769b02c2b01d2aead268b0b98ad5ce423240689ce
        tags:
            - latest
            - main
            - 3.0.0-beta01
targets:
    csharp-9:
        source: cloud
        sourceNamespace: xapi
        sourceRevisionDigest: sha256:f52815fa54dfc73c9508fee0d6a3c20e836da0db8ee812e5affd70af535a01f0
        sourceBlobDigest: sha256:212d431da35f31ee643f0fff4b6161d0175fc3300b092b1686a32ed1c9431548
        codeSamplesNamespace: xapi-dotnet9-code-samples
        codeSamplesRevisionDigest: sha256:dc6b3b9c56c41f9e55d46e6ec2a9eef7b5c193d3ef5ef7d7752291d131f9ea07
workflow:
    workflowVersion: 1.0.0
    speakeasyVersion: latest
    sources:
        cloud:
            inputs:
                - location: https://s3.amazonaws.com/dp-devportal-images/oas/openapi.yml
            registry:
                location: registry.speakeasyapi.dev/dailypay/dailypay/xapi
    targets:
        csharp-9:
            target: csharp
            source: cloud
            codeSamples:
                output: codeSamples.yaml
                registry:
                    location: registry.speakeasyapi.dev/dailypay/dailypay/xapi-dotnet9-code-samples
