speakeasyVersion: 1.570.1
sources:
    local:
        sourceNamespace: xapi
        sourceRevisionDigest: sha256:11f11af9e306c602dc9a1cc81c19a0a966c4b19b1d207fa4bf218730a18e5a60
        sourceBlobDigest: sha256:159fc444ec50ff75e5c5e090a882462d5d0c8172d55227aa865701214a1f8264
        tags:
            - latest
            - 3.0.0-beta01
targets:
    csharp-9:
        source: local
        sourceNamespace: xapi
        sourceRevisionDigest: sha256:11f11af9e306c602dc9a1cc81c19a0a966c4b19b1d207fa4bf218730a18e5a60
        sourceBlobDigest: sha256:159fc444ec50ff75e5c5e090a882462d5d0c8172d55227aa865701214a1f8264
        codeSamplesNamespace: xapi
        codeSamplesRevisionDigest: sha256:a49b38a8f1394c9be713825f45c0fb753b89ffaa13c77c34ad5855d107c8cc32
workflow:
    workflowVersion: 1.0.0
    speakeasyVersion: latest
    sources:
        local:
            inputs:
                - location: source/sdks.openapi.yaml
            registry:
                location: registry.speakeasyapi.dev/dailypay/dailypay/xapi
    targets:
        csharp-9:
            target: csharp
            source: local
            output: sdk
            codeSamples:
                output: codeSamples.yaml
                registry:
                    location: registry.speakeasyapi.dev/dailypay/dailypay/xapi
